// !$*UTF8*$!
{
	archiveVersion = 1;
	classes = {
	};
	objectVersion = 55;
	objects = {

/* Begin PBXBuildFile section */
		3E958C0D281A8182003FD543 /* NC1_MusicaryApp.swift in Sources */ = {isa = PBXBuildFile; fileRef = 3E958C0C281A8182003FD543 /* NC1_MusicaryApp.swift */; };
		3E958C0F281A8182003FD543 /* MainView.swift in Sources */ = {isa = PBXBuildFile; fileRef = 3E958C0E281A8182003FD543 /* MainView.swift */; };
		3E958C11281A8182003FD543 /* Assets.xcassets in Resources */ = {isa = PBXBuildFile; fileRef = 3E958C10281A8182003FD543 /* Assets.xcassets */; };
		3E958C14281A8182003FD543 /* Preview Assets.xcassets in Resources */ = {isa = PBXBuildFile; fileRef = 3E958C13281A8182003FD543 /* Preview Assets.xcassets */; };
		3E958C1B281A8306003FD543 /* Extensions.swift in Sources */ = {isa = PBXBuildFile; fileRef = 3E958C1A281A8306003FD543 /* Extensions.swift */; };
		3E958C21281A83C5003FD543 /* RecommendationView.swift in Sources */ = {isa = PBXBuildFile; fileRef = 3E958C20281A83C5003FD543 /* RecommendationView.swift */; };
		3EE65DE9281D086300CFDAD3 /* UserDiaryListView.swift in Sources */ = {isa = PBXBuildFile; fileRef = 3EE65DE8281D086300CFDAD3 /* UserDiaryListView.swift */; };
		3EE65DEC281D08A800CFDAD3 /* members.json in Resources */ = {isa = PBXBuildFile; fileRef = 3EE65DEB281D08A800CFDAD3 /* members.json */; };
		3EE65DEF281D09D000CFDAD3 /* ModelData.swift in Sources */ = {isa = PBXBuildFile; fileRef = 3EE65DEE281D09CF00CFDAD3 /* ModelData.swift */; };
		3EE65DF1281D0BDF00CFDAD3 /* Member.swift in Sources */ = {isa = PBXBuildFile; fileRef = 3EE65DF0281D0BDF00CFDAD3 /* Member.swift */; };
/* End PBXBuildFile section */

/* Begin PBXFileReference section */
		3E958C09281A8182003FD543 /* NC1_Musicary.app */ = {isa = PBXFileReference; explicitFileType = wrapper.application; includeInIndex = 0; path = NC1_Musicary.app; sourceTree = BUILT_PRODUCTS_DIR; };
		3E958C0C281A8182003FD543 /* NC1_MusicaryApp.swift */ = {isa = PBXFileReference; lastKnownFileType = sourcecode.swift; path = NC1_MusicaryApp.swift; sourceTree = "<group>"; };
		3E958C0E281A8182003FD543 /* MainView.swift */ = {isa = PBXFileReference; lastKnownFileType = sourcecode.swift; path = MainView.swift; sourceTree = "<group>"; };
		3E958C10281A8182003FD543 /* Assets.xcassets */ = {isa = PBXFileReference; lastKnownFileType = folder.assetcatalog; path = Assets.xcassets; sourceTree = "<group>"; };
		3E958C13281A8182003FD543 /* Preview Assets.xcassets */ = {isa = PBXFileReference; lastKnownFileType = folder.assetcatalog; path = "Preview Assets.xcassets"; sourceTree = "<group>"; };
		3E958C1A281A8306003FD543 /* Extensions.swift */ = {isa = PBXFileReference; lastKnownFileType = sourcecode.swift; path = Extensions.swift; sourceTree = "<group>"; };
		3E958C20281A83C5003FD543 /* RecommendationView.swift */ = {isa = PBXFileReference; lastKnownFileType = sourcecode.swift; path = RecommendationView.swift; sourceTree = "<group>"; };
		3EE65DE8281D086300CFDAD3 /* UserDiaryListView.swift */ = {isa = PBXFileReference; lastKnownFileType = sourcecode.swift; path = UserDiaryListView.swift; sourceTree = "<group>"; };
		3EE65DEB281D08A800CFDAD3 /* members.json */ = {isa = PBXFileReference; lastKnownFileType = text.json; path = members.json; sourceTree = "<group>"; };
		3EE65DEE281D09CF00CFDAD3 /* ModelData.swift */ = {isa = PBXFileReference; lastKnownFileType = sourcecode.swift; path = ModelData.swift; sourceTree = "<group>"; };
		3EE65DF0281D0BDF00CFDAD3 /* Member.swift */ = {isa = PBXFileReference; lastKnownFileType = sourcecode.swift; name = Member.swift; path = ../../../../../../../Member.swift; sourceTree = "<group>"; };
/* End PBXFileReference section */

/* Begin PBXFrameworksBuildPhase section */
		3E958C06281A8182003FD543 /* Frameworks */ = {
			isa = PBXFrameworksBuildPhase;
			buildActionMask = 2147483647;
			files = (
			);
			runOnlyForDeploymentPostprocessing = 0;
		};
/* End PBXFrameworksBuildPhase section */

/* Begin PBXGroup section */
		3E958C00281A8182003FD543 = {
			isa = PBXGroup;
			children = (
				3E958C0B281A8182003FD543 /* NC1_Musicary */,
				3E958C0A281A8182003FD543 /* Products */,
			);
			sourceTree = "<group>";
		};
		3E958C0A281A8182003FD543 /* Products */ = {
			isa = PBXGroup;
			children = (
				3E958C09281A8182003FD543 /* NC1_Musicary.app */,
			);
			name = Products;
			sourceTree = "<group>";
		};
		3E958C0B281A8182003FD543 /* NC1_Musicary */ = {
			isa = PBXGroup;
			children = (
				3EE65DED281D09B900CFDAD3 /* Models */,
				3EE65DEA281D088E00CFDAD3 /* Resources */,
				3E958C1C281A839B003FD543 /* Views */,
				3E958C0C281A8182003FD543 /* NC1_MusicaryApp.swift */,
				3E958C10281A8182003FD543 /* Assets.xcassets */,
				3E958C12281A8182003FD543 /* Preview Content */,
				3E958C1A281A8306003FD543 /* Extensions.swift */,
			);
			path = NC1_Musicary;
			sourceTree = "<group>";
		};
		3E958C12281A8182003FD543 /* Preview Content */ = {
			isa = PBXGroup;
			children = (
				3E958C13281A8182003FD543 /* Preview Assets.xcassets */,
			);
			path = "Preview Content";
			sourceTree = "<group>";
		};
		3E958C1C281A839B003FD543 /* Views */ = {
			isa = PBXGroup;
			children = (
				3E958C0E281A8182003FD543 /* MainView.swift */,
				3E958C20281A83C5003FD543 /* RecommendationView.swift */,
				3EE65DE8281D086300CFDAD3 /* UserDiaryListView.swift */,
			);
			path = Views;
			sourceTree = "<group>";
		};
		3EE65DEA281D088E00CFDAD3 /* Resources */ = {
			isa = PBXGroup;
			children = (
				3EE65DEB281D08A800CFDAD3 /* members.json */,
			);
			path = Resources;
			sourceTree = "<group>";
		};
		3EE65DED281D09B900CFDAD3 /* Models */ = {
			isa = PBXGroup;
			children = (
				3EE65DEE281D09CF00CFDAD3 /* ModelData.swift */,
				3EE65DF0281D0BDF00CFDAD3 /* Member.swift */,
			);
			path = Models;
			sourceTree = "<group>";
		};
/* End PBXGroup section */

/* Begin PBXNativeTarget section */
		3E958C08281A8182003FD543 /* NC1_Musicary */ = {
			isa = PBXNativeTarget;
			buildConfigurationList = 3E958C17281A8182003FD543 /* Build configuration list for PBXNativeTarget "NC1_Musicary" */;
			buildPhases = (
				3E958C05281A8182003FD543 /* Sources */,
				3E958C06281A8182003FD543 /* Frameworks */,
				3E958C07281A8182003FD543 /* Resources */,
			);
			buildRules = (
			);
			dependencies = (
			);
			name = NC1_Musicary;
			productName = NC1_Musicary;
			productReference = 3E958C09281A8182003FD543 /* NC1_Musicary.app */;
			productType = "com.apple.product-type.application";
		};
/* End PBXNativeTarget section */

/* Begin PBXProject section */
		3E958C01281A8182003FD543 /* Project object */ = {
			isa = PBXProject;
			attributes = {
				BuildIndependentTargetsInParallel = 1;
				LastSwiftUpdateCheck = 1330;
				LastUpgradeCheck = 1330;
				TargetAttributes = {
					3E958C08281A8182003FD543 = {
						CreatedOnToolsVersion = 13.3.1;
					};
				};
			};
			buildConfigurationList = 3E958C04281A8182003FD543 /* Build configuration list for PBXProject "NC1_Musicary" */;
			compatibilityVersion = "Xcode 13.0";
			developmentRegion = en;
			hasScannedForEncodings = 0;
			knownRegions = (
				en,
				Base,
			);
			mainGroup = 3E958C00281A8182003FD543;
			productRefGroup = 3E958C0A281A8182003FD543 /* Products */;
			projectDirPath = "";
			projectRoot = "";
			targets = (
				3E958C08281A8182003FD543 /* NC1_Musicary */,
			);
		};
/* End PBXProject section */

/* Begin PBXResourcesBuildPhase section */
		3E958C07281A8182003FD543 /* Resources */ = {
			isa = PBXResourcesBuildPhase;
			buildActionMask = 2147483647;
			files = (
				3EE65DEC281D08A800CFDAD3 /* members.json in Resources */,
				3E958C14281A8182003FD543 /* Preview Assets.xcassets in Resources */,
				3E958C11281A8182003FD543 /* Assets.xcassets in Resources */,
			);
			runOnlyForDeploymentPostprocessing = 0;
		};
/* End PBXResourcesBuildPhase section */

/* Begin PBXSourcesBuildPhase section */
		3E958C05281A8182003FD543 /* Sources */ = {
			isa = PBXSourcesBuildPhase;
			buildActionMask = 2147483647;
			files = (
				3E958C0F281A8182003FD543 /* MainView.swift in Sources */,
				3E958C1B281A8306003FD543 /* Extensions.swift in Sources */,
				3E958C0D281A8182003FD543 /* NC1_MusicaryApp.swift in Sources */,
				3E958C21281A83C5003FD543 /* RecommendationView.swift in Sources */,
				3EE65DE9281D086300CFDAD3 /* UserDiaryListView.swift in Sources */,
				3EE65DF1281D0BDF00CFDAD3 /* Member.swift in Sources */,
				3EE65DEF281D09D000CFDAD3 /* ModelData.swift in Sources */,
			);
			runOnlyForDeploymentPostprocessing = 0;
		};
/* End PBXSourcesBuildPhase section */

/* Begin XCBuildConfiguration section */
		3E958C15281A8182003FD543 /* Debug */ = {
			isa = XCBuildConfiguration;
			buildSettings = {
				ALWAYS_SEARCH_USER_PATHS = NO;
				CLANG_ANALYZER_NONNULL = YES;
				CLANG_ANALYZER_NUMBER_OBJECT_CONVERSION = YES_AGGRESSIVE;
				CLANG_CXX_LANGUAGE_STANDARD = "gnu++17";
				CLANG_ENABLE_MODULES = YES;
				CLANG_ENABLE_OBJC_ARC = YES;
				CLANG_ENABLE_OBJC_WEAK = YES;
				CLANG_WARN_BLOCK_CAPTURE_AUTORELEASING = YES;
				CLANG_WARN_BOOL_CONVERSION = YES;
				CLANG_WARN_COMMA = YES;
				CLANG_WARN_CONSTANT_CONVERSION = YES;
				CLANG_WARN_DEPRECATED_OBJC_IMPLEMENTATIONS = YES;
				CLANG_WARN_DIRECT_OBJC_ISA_USAGE = YES_ERROR;
				CLANG_WARN_DOCUMENTATION_COMMENTS = YES;
				CLANG_WARN_EMPTY_BODY = YES;
				CLANG_WARN_ENUM_CONVERSION = YES;
				CLANG_WARN_INFINITE_RECURSION = YES;
				CLANG_WARN_INT_CONVERSION = YES;
				CLANG_WARN_NON_LITERAL_NULL_CONVERSION = YES;
				CLANG_WARN_OBJC_IMPLICIT_RETAIN_SELF = YES;
				CLANG_WARN_OBJC_LITERAL_CONVERSION = YES;
				CLANG_WARN_OBJC_ROOT_CLASS = YES_ERROR;
				CLANG_WARN_QUOTED_INCLUDE_IN_FRAMEWORK_HEADER = YES;
				CLANG_WARN_RANGE_LOOP_ANALYSIS = YES;
				CLANG_WARN_STRICT_PROTOTYPES = YES;
				CLANG_WARN_SUSPICIOUS_MOVE = YES;
				CLANG_WARN_UNGUARDED_AVAILABILITY = YES_AGGRESSIVE;
				CLANG_WARN_UNREACHABLE_CODE = YES;
				CLANG_WARN__DUPLICATE_METHOD_MATCH = YES;
				COPY_PHASE_STRIP = NO;
				DEBUG_INFORMATION_FORMAT = dwarf;
				ENABLE_STRICT_OBJC_MSGSEND = YES;
				ENABLE_TESTABILITY = YES;
				GCC_C_LANGUAGE_STANDARD = gnu11;
				GCC_DYNAMIC_NO_PIC = NO;
				GCC_NO_COMMON_BLOCKS = YES;
				GCC_OPTIMIZATION_LEVEL = 0;
				GCC_PREPROCESSOR_DEFINITIONS = (
					"DEBUG=1",
					"$(inherited)",
				);
				GCC_WARN_64_TO_32_BIT_CONVERSION = YES;
				GCC_WARN_ABOUT_RETURN_TYPE = YES_ERROR;
				GCC_WARN_UNDECLARED_SELECTOR = YES;
				GCC_WARN_UNINITIALIZED_AUTOS = YES_AGGRESSIVE;
				GCC_WARN_UNUSED_FUNCTION = YES;
				GCC_WARN_UNUSED_VARIABLE = YES;
				IPHONEOS_DEPLOYMENT_TARGET = 15.4;
				MTL_ENABLE_DEBUG_INFO = INCLUDE_SOURCE;
				MTL_FAST_MATH = YES;
				ONLY_ACTIVE_ARCH = YES;
				SDKROOT = iphoneos;
				SWIFT_ACTIVE_COMPILATION_CONDITIONS = DEBUG;
				SWIFT_OPTIMIZATION_LEVEL = "-Onone";
			};
			name = Debug;
		};
		3E958C16281A8182003FD543 /* Release */ = {
			isa = XCBuildConfiguration;
			buildSettings = {
				ALWAYS_SEARCH_USER_PATHS = NO;
				CLANG_ANALYZER_NONNULL = YES;
				CLANG_ANALYZER_NUMBER_OBJECT_CONVERSION = YES_AGGRESSIVE;
				CLANG_CXX_LANGUAGE_STANDARD = "gnu++17";
				CLANG_ENABLE_MODULES = YES;
				CLANG_ENABLE_OBJC_ARC = YES;
				CLANG_ENABLE_OBJC_WEAK = YES;
				CLANG_WARN_BLOCK_CAPTURE_AUTORELEASING = YES;
				CLANG_WARN_BOOL_CONVERSION = YES;
				CLANG_WARN_COMMA = YES;
				CLANG_WARN_CONSTANT_CONVERSION = YES;
				CLANG_WARN_DEPRECATED_OBJC_IMPLEMENTATIONS = YES;
				CLANG_WARN_DIRECT_OBJC_ISA_USAGE = YES_ERROR;
				CLANG_WARN_DOCUMENTATION_COMMENTS = YES;
				CLANG_WARN_EMPTY_BODY = YES;
				CLANG_WARN_ENUM_CONVERSION = YES;
				CLANG_WARN_INFINITE_RECURSION = YES;
				CLANG_WARN_INT_CONVERSION = YES;
				CLANG_WARN_NON_LITERAL_NULL_CONVERSION = YES;
				CLANG_WARN_OBJC_IMPLICIT_RETAIN_SELF = YES;
				CLANG_WARN_OBJC_LITERAL_CONVERSION = YES;
				CLANG_WARN_OBJC_ROOT_CLASS = YES_ERROR;
				CLANG_WARN_QUOTED_INCLUDE_IN_FRAMEWORK_HEADER = YES;
				CLANG_WARN_RANGE_LOOP_ANALYSIS = YES;
				CLANG_WARN_STRICT_PROTOTYPES = YES;
				CLANG_WARN_SUSPICIOUS_MOVE = YES;
				CLANG_WARN_UNGUARDED_AVAILABILITY = YES_AGGRESSIVE;
				CLANG_WARN_UNREACHABLE_CODE = YES;
				CLANG_WARN__DUPLICATE_METHOD_MATCH = YES;
				COPY_PHASE_STRIP = NO;
				DEBUG_INFORMATION_FORMAT = "dwarf-with-dsym";
				ENABLE_NS_ASSERTIONS = NO;
				ENABLE_STRICT_OBJC_MSGSEND = YES;
				GCC_C_LANGUAGE_STANDARD = gnu11;
				GCC_NO_COMMON_BLOCKS = YES;
				GCC_WARN_64_TO_32_BIT_CONVERSION = YES;
				GCC_WARN_ABOUT_RETURN_TYPE = YES_ERROR;
				GCC_WARN_UNDECLARED_SELECTOR = YES;
				GCC_WARN_UNINITIALIZED_AUTOS = YES_AGGRESSIVE;
				GCC_WARN_UNUSED_FUNCTION = YES;
				GCC_WARN_UNUSED_VARIABLE = YES;
				IPHONEOS_DEPLOYMENT_TARGET = 15.4;
				MTL_ENABLE_DEBUG_INFO = NO;
				MTL_FAST_MATH = YES;
				SDKROOT = iphoneos;
				SWIFT_COMPILATION_MODE = wholemodule;
				SWIFT_OPTIMIZATION_LEVEL = "-O";
				VALIDATE_PRODUCT = YES;
			};
			name = Release;
		};
		3E958C18281A8182003FD543 /* Debug */ = {
			isa = XCBuildConfiguration;
			buildSettings = {
				ASSETCATALOG_COMPILER_APPICON_NAME = AppIcon;
				ASSETCATALOG_COMPILER_GLOBAL_ACCENT_COLOR_NAME = AccentColor;
				CODE_SIGN_STYLE = Automatic;
				CURRENT_PROJECT_VERSION = 1;
				DEVELOPMENT_ASSET_PATHS = "\"NC1_Musicary/Preview Content\"";
				DEVELOPMENT_TEAM = S9G6YGQ76H;
				ENABLE_PREVIEWS = YES;
				GENERATE_INFOPLIST_FILE = YES;
				INFOPLIST_KEY_UIApplicationSceneManifest_Generation = YES;
				INFOPLIST_KEY_UIApplicationSupportsIndirectInputEvents = YES;
				INFOPLIST_KEY_UILaunchScreen_Generation = YES;
				INFOPLIST_KEY_UISupportedInterfaceOrientations_iPad = "UIInterfaceOrientationPortrait UIInterfaceOrientationPortraitUpsideDown UIInterfaceOrientationLandscapeLeft UIInterfaceOrientationLandscapeRight";
				INFOPLIST_KEY_UISupportedInterfaceOrientations_iPhone = "UIInterfaceOrientationPortrait UIInterfaceOrientationLandscapeLeft UIInterfaceOrientationLandscapeRight";
				LD_RUNPATH_SEARCH_PATHS = (
					"$(inherited)",
					"@executable_path/Frameworks",
				);
				MARKETING_VERSION = 1.0;
				PRODUCT_BUNDLE_IDENTIFIER = "com-id.NC1-Musicary";
				PRODUCT_NAME = "$(TARGET_NAME)";
				SWIFT_EMIT_LOC_STRINGS = YES;
				SWIFT_VERSION = 5.0;
				TARGETED_DEVICE_FAMILY = "1,2";
			};
			name = Debug;
		};
		3E958C19281A8182003FD543 /* Release */ = {
			isa = XCBuildConfiguration;
			buildSettings = {
				ASSETCATALOG_COMPILER_APPICON_NAME = AppIcon;
				ASSETCATALOG_COMPILER_GLOBAL_ACCENT_COLOR_NAME = AccentColor;
				CODE_SIGN_STYLE = Automatic;
				CURRENT_PROJECT_VERSION = 1;
				DEVELOPMENT_ASSET_PATHS = "\"NC1_Musicary/Preview Content\"";
				DEVELOPMENT_TEAM = S9G6YGQ76H;
				ENABLE_PREVIEWS = YES;
				GENERATE_INFOPLIST_FILE = YES;
				INFOPLIST_KEY_UIApplicationSceneManifest_Generation = YES;
				INFOPLIST_KEY_UIApplicationSupportsIndirectInputEvents = YES;
				INFOPLIST_KEY_UILaunchScreen_Generation = YES;
				INFOPLIST_KEY_UISupportedInterfaceOrientations_iPad = "UIInterfaceOrientationPortrait UIInterfaceOrientationPortraitUpsideDown UIInterfaceOrientationLandscapeLeft UIInterfaceOrientationLandscapeRight";
				INFOPLIST_KEY_UISupportedInterfaceOrientations_iPhone = "UIInterfaceOrientationPortrait UIInterfaceOrientationLandscapeLeft UIInterfaceOrientationLandscapeRight";
				LD_RUNPATH_SEARCH_PATHS = (
					"$(inherited)",
					"@executable_path/Frameworks",
				);
				MARKETING_VERSION = 1.0;
				PRODUCT_BUNDLE_IDENTIFIER = "com-id.NC1-Musicary";
				PRODUCT_NAME = "$(TARGET_NAME)";
				SWIFT_EMIT_LOC_STRINGS = YES;
				SWIFT_VERSION = 5.0;
				TARGETED_DEVICE_FAMILY = "1,2";
			};
			name = Release;
		};
/* End XCBuildConfiguration section */

/* Begin XCConfigurationList section */
		3E958C04281A8182003FD543 /* Build configuration list for PBXProject "NC1_Musicary" */ = {
			isa = XCConfigurationList;
			buildConfigurations = (
				3E958C15281A8182003FD543 /* Debug */,
				3E958C16281A8182003FD543 /* Release */,
			);
			defaultConfigurationIsVisible = 0;
			defaultConfigurationName = Release;
		};
		3E958C17281A8182003FD543 /* Build configuration list for PBXNativeTarget "NC1_Musicary" */ = {
			isa = XCConfigurationList;
			buildConfigurations = (
				3E958C18281A8182003FD543 /* Debug */,
				3E958C19281A8182003FD543 /* Release */,
			);
			defaultConfigurationIsVisible = 0;
			defaultConfigurationName = Release;
		};
/* End XCConfigurationList section */
	};
	rootObject = 3E958C01281A8182003FD543 /* Project object */;
}
